
Microsoft Visual Studio Solution File, Format Version 12.00
# Visual Studio Version 17
VisualStudioVersion = 17.6.33801.468
MinimumVisualStudioVersion = 10.0.40219.1
Project("{FAE04EC0-301F-11D3-BF4B-00C04F79EFBC}") = "Blockchain-Project", "Blockchain-Project.csproj", "{B3CD9215-D1AB-4D5E-939F-9DE8AAE4C8E7}"
EndProject
Global
	GlobalSection(SolutionConfigurationPlatforms) = preSolution
		Debug|Any CPU = Debug|Any CPU
		Release|Any CPU = Release|Any CPU
	EndGlobalSection
	GlobalSection(ProjectConfigurationPlatforms) = postSolution
		{B3CD9215-D1AB-4D5E-939F-9DE8AAE4C8E7}.Debug|Any CPU.ActiveCfg = Debug|Any CPU
		{B3CD9215-D1AB-4D5E-939F-9DE8AAE4C8E7}.Debug|Any CPU.Build.0 = Debug|Any CPU
		{B3CD9215-D1AB-4D5E-939F-9DE8AAE4C8E7}.Release|Any CPU.ActiveCfg = Release|Any CPU
		{B3CD9215-D1AB-4D5E-939F-9DE8AAE4C8E7}.Release|Any CPU.Build.0 = Release|Any CPU
	EndGlobalSection
	GlobalSection(SolutionProperties) = preSolution
		HideSolutionNode = FALSE
	EndGlobalSection
	GlobalSection(ExtensibilityGlobals) = postSolution
		SolutionGuid = {72F9AD43-1D24-44AF-8EBB-BC5AA8562D6F}
	EndGlobalSection
EndGlobal
